// !$*UTF8*$!
{
	archiveVersion = 1;
	classes = {
	};
	objectVersion = 46;
	objects = {

/* Begin PBXBuildFile section */
		2546FFD4AD0628B41761031F /* Pods_courseroadTests.framework in Frameworks */ = {isa = PBXBuildFile; fileRef = 8A3CA484AC36A5577AF48263 /* Pods_courseroadTests.framework */; };
		567A24111E5112E80042DCD4 /* AppDelegate.swift in Sources */ = {isa = PBXBuildFile; fileRef = 567A24101E5112E80042DCD4 /* AppDelegate.swift */; };
		567A24131E5112E80042DCD4 /* ViewController.swift in Sources */ = {isa = PBXBuildFile; fileRef = 567A24121E5112E80042DCD4 /* ViewController.swift */; };
		567A24161E5112E80042DCD4 /* Main.storyboard in Resources */ = {isa = PBXBuildFile; fileRef = 567A24141E5112E80042DCD4 /* Main.storyboard */; };
		567A24191E5112E80042DCD4 /* courseroad.xcdatamodeld in Sources */ = {isa = PBXBuildFile; fileRef = 567A24171E5112E80042DCD4 /* courseroad.xcdatamodeld */; };
		567A241B1E5112E80042DCD4 /* Assets.xcassets in Resources */ = {isa = PBXBuildFile; fileRef = 567A241A1E5112E80042DCD4 /* Assets.xcassets */; };
		567A241E1E5112E80042DCD4 /* LaunchScreen.storyboard in Resources */ = {isa = PBXBuildFile; fileRef = 567A241C1E5112E80042DCD4 /* LaunchScreen.storyboard */; };
		567A24291E5112E80042DCD4 /* courseroadTests.swift in Sources */ = {isa = PBXBuildFile; fileRef = 567A24281E5112E80042DCD4 /* courseroadTests.swift */; };
		567A243A1E5114330042DCD4 /* Globals.swift in Sources */ = {isa = PBXBuildFile; fileRef = 567A24391E5114330042DCD4 /* Globals.swift */; };
		567A243C1E5114600042DCD4 /* IntroViewController.swift in Sources */ = {isa = PBXBuildFile; fileRef = 567A243B1E5114600042DCD4 /* IntroViewController.swift */; };
		567A243E1E5114B60042DCD4 /* SchemePickerViewController.swift in Sources */ = {isa = PBXBuildFile; fileRef = 567A243D1E5114B60042DCD4 /* SchemePickerViewController.swift */; };
		567A24401E5114CF0042DCD4 /* CurriculumViewController.swift in Sources */ = {isa = PBXBuildFile; fileRef = 567A243F1E5114CF0042DCD4 /* CurriculumViewController.swift */; };
		567A24421E5114E20042DCD4 /* CurriculumDetailViewController.swift in Sources */ = {isa = PBXBuildFile; fileRef = 567A24411E5114E20042DCD4 /* CurriculumDetailViewController.swift */; };
		567A24441E5114F40042DCD4 /* AddCurriculaViewController.swift in Sources */ = {isa = PBXBuildFile; fileRef = 567A24431E5114F40042DCD4 /* AddCurriculaViewController.swift */; };
		567A24461E5115620042DCD4 /* CourseRoadPageViewController.swift in Sources */ = {isa = PBXBuildFile; fileRef = 567A24451E5115620042DCD4 /* CourseRoadPageViewController.swift */; };
		567A24481E5115700042DCD4 /* YearViewController.swift in Sources */ = {isa = PBXBuildFile; fileRef = 567A24471E5115700042DCD4 /* YearViewController.swift */; };
		567A244A1E5115910042DCD4 /* AddClassesViewController.swift in Sources */ = {isa = PBXBuildFile; fileRef = 567A24491E5115910042DCD4 /* AddClassesViewController.swift */; };
		567A244C1E51162E0042DCD4 /* CourseRoadViewController.swift in Sources */ = {isa = PBXBuildFile; fileRef = 567A244B1E51162E0042DCD4 /* CourseRoadViewController.swift */; };
		567A244E1E51165D0042DCD4 /* SettingsViewController.swift in Sources */ = {isa = PBXBuildFile; fileRef = 567A244D1E51165D0042DCD4 /* SettingsViewController.swift */; };
		567A24501E5116A70042DCD4 /* ClassButton.swift in Sources */ = {isa = PBXBuildFile; fileRef = 567A244F1E5116A70042DCD4 /* ClassButton.swift */; };
		567A24521E5116BE0042DCD4 /* SchemeButton.swift in Sources */ = {isa = PBXBuildFile; fileRef = 567A24511E5116BE0042DCD4 /* SchemeButton.swift */; };
		567A24541E5116CC0042DCD4 /* CourseButton.swift in Sources */ = {isa = PBXBuildFile; fileRef = 567A24531E5116CC0042DCD4 /* CourseButton.swift */; };
		567A24561E51189F0042DCD4 /* ClassMO.swift in Sources */ = {isa = PBXBuildFile; fileRef = 567A24551E51189F0042DCD4 /* ClassMO.swift */; };
		567A24581E5118C50042DCD4 /* DataController.swift in Sources */ = {isa = PBXBuildFile; fileRef = 567A24571E5118C50042DCD4 /* DataController.swift */; };
		567A245A1E5118CF0042DCD4 /* Curriculum.swift in Sources */ = {isa = PBXBuildFile; fileRef = 567A24591E5118CF0042DCD4 /* Curriculum.swift */; };
		F97DED073833CE65D7672498 /* Pods_courseroad.framework in Frameworks */ = {isa = PBXBuildFile; fileRef = DAB8AEB75AC028E6491D0A53 /* Pods_courseroad.framework */; };
/* End PBXBuildFile section */

/* Begin PBXContainerItemProxy section */
		567A24251E5112E80042DCD4 /* PBXContainerItemProxy */ = {
			isa = PBXContainerItemProxy;
			containerPortal = 567A24051E5112E80042DCD4 /* Project object */;
			proxyType = 1;
			remoteGlobalIDString = 567A240C1E5112E80042DCD4;
			remoteInfo = courseroad;
		};
/* End PBXContainerItemProxy section */

/* Begin PBXFileReference section */
		00B33063F6EAA6523BC9909D /* Pods-courseroadTests.debug.xcconfig */ = {isa = PBXFileReference; includeInIndex = 1; lastKnownFileType = text.xcconfig; name = "Pods-courseroadTests.debug.xcconfig"; path = "Pods/Target Support Files/Pods-courseroadTests/Pods-courseroadTests.debug.xcconfig"; sourceTree = "<group>"; };
		2E8922D6B298D58C101CA634 /* Pods-courseroad.debug.xcconfig */ = {isa = PBXFileReference; includeInIndex = 1; lastKnownFileType = text.xcconfig; name = "Pods-courseroad.debug.xcconfig"; path = "Pods/Target Support Files/Pods-courseroad/Pods-courseroad.debug.xcconfig"; sourceTree = "<group>"; };
		4638A0E4333186723497B4FD /* Pods-courseroad.release.xcconfig */ = {isa = PBXFileReference; includeInIndex = 1; lastKnownFileType = text.xcconfig; name = "Pods-courseroad.release.xcconfig"; path = "Pods/Target Support Files/Pods-courseroad/Pods-courseroad.release.xcconfig"; sourceTree = "<group>"; };
		567A240D1E5112E80042DCD4 /* courseroad.app */ = {isa = PBXFileReference; explicitFileType = wrapper.application; includeInIndex = 0; path = courseroad.app; sourceTree = BUILT_PRODUCTS_DIR; };
		567A24101E5112E80042DCD4 /* AppDelegate.swift */ = {isa = PBXFileReference; lastKnownFileType = sourcecode.swift; path = AppDelegate.swift; sourceTree = "<group>"; };
		567A24121E5112E80042DCD4 /* ViewController.swift */ = {isa = PBXFileReference; lastKnownFileType = sourcecode.swift; path = ViewController.swift; sourceTree = "<group>"; };
		567A24151E5112E80042DCD4 /* Base */ = {isa = PBXFileReference; lastKnownFileType = file.storyboard; name = Base; path = Base.lproj/Main.storyboard; sourceTree = "<group>"; };
		567A24181E5112E80042DCD4 /* courseroad.xcdatamodel */ = {isa = PBXFileReference; lastKnownFileType = wrapper.xcdatamodel; path = courseroad.xcdatamodel; sourceTree = "<group>"; };
		567A241A1E5112E80042DCD4 /* Assets.xcassets */ = {isa = PBXFileReference; lastKnownFileType = folder.assetcatalog; path = Assets.xcassets; sourceTree = "<group>"; };
		567A241D1E5112E80042DCD4 /* Base */ = {isa = PBXFileReference; lastKnownFileType = file.storyboard; name = Base; path = Base.lproj/LaunchScreen.storyboard; sourceTree = "<group>"; };
		567A241F1E5112E80042DCD4 /* Info.plist */ = {isa = PBXFileReference; lastKnownFileType = text.plist.xml; path = Info.plist; sourceTree = "<group>"; };
		567A24241E5112E80042DCD4 /* courseroadTests.xctest */ = {isa = PBXFileReference; explicitFileType = wrapper.cfbundle; includeInIndex = 0; path = courseroadTests.xctest; sourceTree = BUILT_PRODUCTS_DIR; };
		567A24281E5112E80042DCD4 /* courseroadTests.swift */ = {isa = PBXFileReference; lastKnownFileType = sourcecode.swift; path = courseroadTests.swift; sourceTree = "<group>"; };
		567A242A1E5112E80042DCD4 /* Info.plist */ = {isa = PBXFileReference; lastKnownFileType = text.plist.xml; path = Info.plist; sourceTree = "<group>"; };
		567A24391E5114330042DCD4 /* Globals.swift */ = {isa = PBXFileReference; fileEncoding = 4; lastKnownFileType = sourcecode.swift; path = Globals.swift; sourceTree = "<group>"; };
		567A243B1E5114600042DCD4 /* IntroViewController.swift */ = {isa = PBXFileReference; fileEncoding = 4; lastKnownFileType = sourcecode.swift; path = IntroViewController.swift; sourceTree = "<group>"; };
		567A243D1E5114B60042DCD4 /* SchemePickerViewController.swift */ = {isa = PBXFileReference; fileEncoding = 4; lastKnownFileType = sourcecode.swift; path = SchemePickerViewController.swift; sourceTree = "<group>"; };
		567A243F1E5114CF0042DCD4 /* CurriculumViewController.swift */ = {isa = PBXFileReference; fileEncoding = 4; lastKnownFileType = sourcecode.swift; path = CurriculumViewController.swift; sourceTree = "<group>"; };
		567A24411E5114E20042DCD4 /* CurriculumDetailViewController.swift */ = {isa = PBXFileReference; fileEncoding = 4; lastKnownFileType = sourcecode.swift; path = CurriculumDetailViewController.swift; sourceTree = "<group>"; };
		567A24431E5114F40042DCD4 /* AddCurriculaViewController.swift */ = {isa = PBXFileReference; fileEncoding = 4; lastKnownFileType = sourcecode.swift; path = AddCurriculaViewController.swift; sourceTree = "<group>"; };
		567A24451E5115620042DCD4 /* CourseRoadPageViewController.swift */ = {isa = PBXFileReference; fileEncoding = 4; lastKnownFileType = sourcecode.swift; path = CourseRoadPageViewController.swift; sourceTree = "<group>"; };
		567A24471E5115700042DCD4 /* YearViewController.swift */ = {isa = PBXFileReference; fileEncoding = 4; lastKnownFileType = sourcecode.swift; path = YearViewController.swift; sourceTree = "<group>"; };
		567A24491E5115910042DCD4 /* AddClassesViewController.swift */ = {isa = PBXFileReference; fileEncoding = 4; lastKnownFileType = sourcecode.swift; path = AddClassesViewController.swift; sourceTree = "<group>"; };
		567A244B1E51162E0042DCD4 /* CourseRoadViewController.swift */ = {isa = PBXFileReference; fileEncoding = 4; lastKnownFileType = sourcecode.swift; path = CourseRoadViewController.swift; sourceTree = "<group>"; };
		567A244D1E51165D0042DCD4 /* SettingsViewController.swift */ = {isa = PBXFileReference; fileEncoding = 4; lastKnownFileType = sourcecode.swift; path = SettingsViewController.swift; sourceTree = "<group>"; };
		567A244F1E5116A70042DCD4 /* ClassButton.swift */ = {isa = PBXFileReference; fileEncoding = 4; lastKnownFileType = sourcecode.swift; path = ClassButton.swift; sourceTree = "<group>"; };
		567A24511E5116BE0042DCD4 /* SchemeButton.swift */ = {isa = PBXFileReference; fileEncoding = 4; lastKnownFileType = sourcecode.swift; path = SchemeButton.swift; sourceTree = "<group>"; };
		567A24531E5116CC0042DCD4 /* CourseButton.swift */ = {isa = PBXFileReference; fileEncoding = 4; lastKnownFileType = sourcecode.swift; path = CourseButton.swift; sourceTree = "<group>"; };
		567A24551E51189F0042DCD4 /* ClassMO.swift */ = {isa = PBXFileReference; fileEncoding = 4; lastKnownFileType = sourcecode.swift; path = ClassMO.swift; sourceTree = "<group>"; };
		567A24571E5118C50042DCD4 /* DataController.swift */ = {isa = PBXFileReference; fileEncoding = 4; lastKnownFileType = sourcecode.swift; path = DataController.swift; sourceTree = "<group>"; };
		567A24591E5118CF0042DCD4 /* Curriculum.swift */ = {isa = PBXFileReference; fileEncoding = 4; lastKnownFileType = sourcecode.swift; path = Curriculum.swift; sourceTree = "<group>"; };
		8A3CA484AC36A5577AF48263 /* Pods_courseroadTests.framework */ = {isa = PBXFileReference; explicitFileType = wrapper.framework; includeInIndex = 0; path = Pods_courseroadTests.framework; sourceTree = BUILT_PRODUCTS_DIR; };
		C6DB73ADED61CFAD0489675F /* Pods-courseroadTests.release.xcconfig */ = {isa = PBXFileReference; includeInIndex = 1; lastKnownFileType = text.xcconfig; name = "Pods-courseroadTests.release.xcconfig"; path = "Pods/Target Support Files/Pods-courseroadTests/Pods-courseroadTests.release.xcconfig"; sourceTree = "<group>"; };
		DAB8AEB75AC028E6491D0A53 /* Pods_courseroad.framework */ = {isa = PBXFileReference; explicitFileType = wrapper.framework; includeInIndex = 0; path = Pods_courseroad.framework; sourceTree = BUILT_PRODUCTS_DIR; };
/* End PBXFileReference section */

/* Begin PBXFrameworksBuildPhase section */
		567A240A1E5112E80042DCD4 /* Frameworks */ = {
			isa = PBXFrameworksBuildPhase;
			buildActionMask = 2147483647;
			files = (
				F97DED073833CE65D7672498 /* Pods_courseroad.framework in Frameworks */,
			);
			runOnlyForDeploymentPostprocessing = 0;
		};
		567A24211E5112E80042DCD4 /* Frameworks */ = {
			isa = PBXFrameworksBuildPhase;
			buildActionMask = 2147483647;
			files = (
				2546FFD4AD0628B41761031F /* Pods_courseroadTests.framework in Frameworks */,
			);
			runOnlyForDeploymentPostprocessing = 0;
		};
/* End PBXFrameworksBuildPhase section */

/* Begin PBXGroup section */
		567A24041E5112E80042DCD4 = {
			isa = PBXGroup;
			children = (
				567A240F1E5112E80042DCD4 /* courseroad */,
				567A24271E5112E80042DCD4 /* courseroadTests */,
				567A240E1E5112E80042DCD4 /* Products */,
				7F1A47426816B71B99AAEF70 /* Pods */,
				953A5D8CAAA1113709015041 /* Frameworks */,
			);
			sourceTree = "<group>";
		};
		567A240E1E5112E80042DCD4 /* Products */ = {
			isa = PBXGroup;
			children = (
				567A240D1E5112E80042DCD4 /* courseroad.app */,
				567A24241E5112E80042DCD4 /* courseroadTests.xctest */,
			);
			name = Products;
			sourceTree = "<group>";
		};
		567A240F1E5112E80042DCD4 /* courseroad */ = {
			isa = PBXGroup;
			children = (
				567A24101E5112E80042DCD4 /* AppDelegate.swift */,
				567A24361E5113940042DCD4 /* Assets */,
				567A24351E5113830042DCD4 /* Model */,
				567A24341E5113780042DCD4 /* Controller */,
				567A24331E5113700042DCD4 /* View */,
				567A24121E5112E80042DCD4 /* ViewController.swift */,
				567A24391E5114330042DCD4 /* Globals.swift */,
			);
			path = courseroad;
			sourceTree = "<group>";
		};
		567A24271E5112E80042DCD4 /* courseroadTests */ = {
			isa = PBXGroup;
			children = (
				567A24281E5112E80042DCD4 /* courseroadTests.swift */,
				567A242A1E5112E80042DCD4 /* Info.plist */,
			);
			path = courseroadTests;
			sourceTree = "<group>";
		};
		567A24331E5113700042DCD4 /* View */ = {
			isa = PBXGroup;
			children = (
				567A24141E5112E80042DCD4 /* Main.storyboard */,
				567A241C1E5112E80042DCD4 /* LaunchScreen.storyboard */,
				567A244F1E5116A70042DCD4 /* ClassButton.swift */,
				567A24511E5116BE0042DCD4 /* SchemeButton.swift */,
				567A24531E5116CC0042DCD4 /* CourseButton.swift */,
			);
			name = View;
			sourceTree = "<group>";
		};
		567A24341E5113780042DCD4 /* Controller */ = {
			isa = PBXGroup;
			children = (
				567A24381E5113A00042DCD4 /* Intro */,
				567A24371E51139B0042DCD4 /* Old */,
				567A24451E5115620042DCD4 /* CourseRoadPageViewController.swift */,
				567A24471E5115700042DCD4 /* YearViewController.swift */,
				567A24491E5115910042DCD4 /* AddClassesViewController.swift */,
				567A244B1E51162E0042DCD4 /* CourseRoadViewController.swift */,
				567A244D1E51165D0042DCD4 /* SettingsViewController.swift */,
			);
			name = Controller;
			sourceTree = "<group>";
		};
		567A24351E5113830042DCD4 /* Model */ = {
			isa = PBXGroup;
			children = (
				567A24171E5112E80042DCD4 /* courseroad.xcdatamodeld */,
				567A24551E51189F0042DCD4 /* ClassMO.swift */,
				567A24571E5118C50042DCD4 /* DataController.swift */,
				567A24591E5118CF0042DCD4 /* Curriculum.swift */,
			);
			name = Model;
			sourceTree = "<group>";
		};
		567A24361E5113940042DCD4 /* Assets */ = {
			isa = PBXGroup;
			children = (
				567A241F1E5112E80042DCD4 /* Info.plist */,
				567A241A1E5112E80042DCD4 /* Assets.xcassets */,
			);
			name = Assets;
			sourceTree = "<group>";
		};
		567A24371E51139B0042DCD4 /* Old */ = {
			isa = PBXGroup;
			children = (
			);
			name = Old;
			sourceTree = "<group>";
		};
		567A24381E5113A00042DCD4 /* Intro */ = {
			isa = PBXGroup;
			children = (
				567A243B1E5114600042DCD4 /* IntroViewController.swift */,
				567A243D1E5114B60042DCD4 /* SchemePickerViewController.swift */,
				567A243F1E5114CF0042DCD4 /* CurriculumViewController.swift */,
				567A24411E5114E20042DCD4 /* CurriculumDetailViewController.swift */,
				567A24431E5114F40042DCD4 /* AddCurriculaViewController.swift */,
			);
			name = Intro;
			sourceTree = "<group>";
		};
		7F1A47426816B71B99AAEF70 /* Pods */ = {
			isa = PBXGroup;
			children = (
				2E8922D6B298D58C101CA634 /* Pods-courseroad.debug.xcconfig */,
				4638A0E4333186723497B4FD /* Pods-courseroad.release.xcconfig */,
				00B33063F6EAA6523BC9909D /* Pods-courseroadTests.debug.xcconfig */,
				C6DB73ADED61CFAD0489675F /* Pods-courseroadTests.release.xcconfig */,
			);
			name = Pods;
			sourceTree = "<group>";
		};
		953A5D8CAAA1113709015041 /* Frameworks */ = {
			isa = PBXGroup;
			children = (
				DAB8AEB75AC028E6491D0A53 /* Pods_courseroad.framework */,
				8A3CA484AC36A5577AF48263 /* Pods_courseroadTests.framework */,
			);
			name = Frameworks;
			sourceTree = "<group>";
		};
/* End PBXGroup section */

/* Begin PBXNativeTarget section */
		567A240C1E5112E80042DCD4 /* courseroad */ = {
			isa = PBXNativeTarget;
			buildConfigurationList = 567A242D1E5112E80042DCD4 /* Build configuration list for PBXNativeTarget "courseroad" */;
			buildPhases = (
				7D1C8F581BB86B9EBAC77D1E /* [CP] Check Pods Manifest.lock */,
				567A24091E5112E80042DCD4 /* Sources */,
				567A240A1E5112E80042DCD4 /* Frameworks */,
				567A240B1E5112E80042DCD4 /* Resources */,
				3CF75EEDF09CB253736A3B0D /* [CP] Embed Pods Frameworks */,
				5E56E494EFC1CC1F0091A21E /* [CP] Copy Pods Resources */,
			);
			buildRules = (
			);
			dependencies = (
			);
			name = courseroad;
			productName = courseroad;
			productReference = 567A240D1E5112E80042DCD4 /* courseroad.app */;
			productType = "com.apple.product-type.application";
		};
		567A24231E5112E80042DCD4 /* courseroadTests */ = {
			isa = PBXNativeTarget;
			buildConfigurationList = 567A24301E5112E80042DCD4 /* Build configuration list for PBXNativeTarget "courseroadTests" */;
			buildPhases = (
				DF363E2241ABC6AC690808FB /* [CP] Check Pods Manifest.lock */,
				567A24201E5112E80042DCD4 /* Sources */,
				567A24211E5112E80042DCD4 /* Frameworks */,
				567A24221E5112E80042DCD4 /* Resources */,
				BB77C39424124DB87CEEAEAF /* [CP] Embed Pods Frameworks */,
				D7D4B234E1C603DB9FBAF7E7 /* [CP] Copy Pods Resources */,
			);
			buildRules = (
			);
			dependencies = (
				567A24261E5112E80042DCD4 /* PBXTargetDependency */,
			);
			name = courseroadTests;
			productName = courseroadTests;
			productReference = 567A24241E5112E80042DCD4 /* courseroadTests.xctest */;
			productType = "com.apple.product-type.bundle.unit-test";
		};
/* End PBXNativeTarget section */

/* Begin PBXProject section */
		567A24051E5112E80042DCD4 /* Project object */ = {
			isa = PBXProject;
			attributes = {
				LastSwiftUpdateCheck = 0820;
				LastUpgradeCheck = 0820;
				ORGANIZATIONNAME = "Juan Diego Fajardo";
				TargetAttributes = {
					567A240C1E5112E80042DCD4 = {
						CreatedOnToolsVersion = 8.2.1;
						DevelopmentTeam = V8Z84YJUGT;
						ProvisioningStyle = Automatic;
					};
					567A24231E5112E80042DCD4 = {
						CreatedOnToolsVersion = 8.2.1;
						DevelopmentTeam = SN5BFX4SD3;
						ProvisioningStyle = Automatic;
						TestTargetID = 567A240C1E5112E80042DCD4;
					};
				};
			};
			buildConfigurationList = 567A24081E5112E80042DCD4 /* Build configuration list for PBXProject "courseroad" */;
			compatibilityVersion = "Xcode 3.2";
			developmentRegion = English;
			hasScannedForEncodings = 0;
			knownRegions = (
				en,
				Base,
			);
			mainGroup = 567A24041E5112E80042DCD4;
			productRefGroup = 567A240E1E5112E80042DCD4 /* Products */;
			projectDirPath = "";
			projectRoot = "";
			targets = (
				567A240C1E5112E80042DCD4 /* courseroad */,
				567A24231E5112E80042DCD4 /* courseroadTests */,
			);
		};
/* End PBXProject section */

/* Begin PBXResourcesBuildPhase section */
		567A240B1E5112E80042DCD4 /* Resources */ = {
			isa = PBXResourcesBuildPhase;
			buildActionMask = 2147483647;
			files = (
				567A241E1E5112E80042DCD4 /* LaunchScreen.storyboard in Resources */,
				567A241B1E5112E80042DCD4 /* Assets.xcassets in Resources */,
				567A24161E5112E80042DCD4 /* Main.storyboard in Resources */,
			);
			runOnlyForDeploymentPostprocessing = 0;
		};
		567A24221E5112E80042DCD4 /* Resources */ = {
			isa = PBXResourcesBuildPhase;
			buildActionMask = 2147483647;
			files = (
			);
			runOnlyForDeploymentPostprocessing = 0;
		};
/* End PBXResourcesBuildPhase section */

/* Begin PBXShellScriptBuildPhase section */
		3CF75EEDF09CB253736A3B0D /* [CP] Embed Pods Frameworks */ = {
			isa = PBXShellScriptBuildPhase;
			buildActionMask = 2147483647;
			files = (
			);
			inputPaths = (
			);
			name = "[CP] Embed Pods Frameworks";
			outputPaths = (
			);
			runOnlyForDeploymentPostprocessing = 0;
			shellPath = /bin/sh;
			shellScript = "\"${SRCROOT}/Pods/Target Support Files/Pods-courseroad/Pods-courseroad-frameworks.sh\"\n";
			showEnvVarsInLog = 0;
		};
		5E56E494EFC1CC1F0091A21E /* [CP] Copy Pods Resources */ = {
			isa = PBXShellScriptBuildPhase;
			buildActionMask = 2147483647;
			files = (
			);
			inputPaths = (
			);
			name = "[CP] Copy Pods Resources";
			outputPaths = (
			);
			runOnlyForDeploymentPostprocessing = 0;
			shellPath = /bin/sh;
			shellScript = "\"${SRCROOT}/Pods/Target Support Files/Pods-courseroad/Pods-courseroad-resources.sh\"\n";
			showEnvVarsInLog = 0;
		};
		7D1C8F581BB86B9EBAC77D1E /* [CP] Check Pods Manifest.lock */ = {
			isa = PBXShellScriptBuildPhase;
			buildActionMask = 2147483647;
			files = (
			);
			inputPaths = (
			);
			name = "[CP] Check Pods Manifest.lock";
			outputPaths = (
			);
			runOnlyForDeploymentPostprocessing = 0;
			shellPath = /bin/sh;
			shellScript = "diff \"${PODS_ROOT}/../Podfile.lock\" \"${PODS_ROOT}/Manifest.lock\" > /dev/null\nif [ $? != 0 ] ; then\n    # print error to STDERR\n    echo \"error: The sandbox is not in sync with the Podfile.lock. Run 'pod install' or update your CocoaPods installation.\" >&2\n    exit 1\nfi\n";
			showEnvVarsInLog = 0;
		};
		BB77C39424124DB87CEEAEAF /* [CP] Embed Pods Frameworks */ = {
			isa = PBXShellScriptBuildPhase;
			buildActionMask = 2147483647;
			files = (
			);
			inputPaths = (
			);
			name = "[CP] Embed Pods Frameworks";
			outputPaths = (
			);
			runOnlyForDeploymentPostprocessing = 0;
			shellPath = /bin/sh;
			shellScript = "\"${SRCROOT}/Pods/Target Support Files/Pods-courseroadTests/Pods-courseroadTests-frameworks.sh\"\n";
			showEnvVarsInLog = 0;
		};
		D7D4B234E1C603DB9FBAF7E7 /* [CP] Copy Pods Resources */ = {
			isa = PBXShellScriptBuildPhase;
			buildActionMask = 2147483647;
			files = (
			);
			inputPaths = (
			);
			name = "[CP] Copy Pods Resources";
			outputPaths = (
			);
			runOnlyForDeploymentPostprocessing = 0;
			shellPath = /bin/sh;
			shellScript = "\"${SRCROOT}/Pods/Target Support Files/Pods-courseroadTests/Pods-courseroadTests-resources.sh\"\n";
			showEnvVarsInLog = 0;
		};
		DF363E2241ABC6AC690808FB /* [CP] Check Pods Manifest.lock */ = {
			isa = PBXShellScriptBuildPhase;
			buildActionMask = 2147483647;
			files = (
			);
			inputPaths = (
			);
			name = "[CP] Check Pods Manifest.lock";
			outputPaths = (
			);
			runOnlyForDeploymentPostprocessing = 0;
			shellPath = /bin/sh;
			shellScript = "diff \"${PODS_ROOT}/../Podfile.lock\" \"${PODS_ROOT}/Manifest.lock\" > /dev/null\nif [ $? != 0 ] ; then\n    # print error to STDERR\n    echo \"error: The sandbox is not in sync with the Podfile.lock. Run 'pod install' or update your CocoaPods installation.\" >&2\n    exit 1\nfi\n";
			showEnvVarsInLog = 0;
		};
/* End PBXShellScriptBuildPhase section */

/* Begin PBXSourcesBuildPhase section */
		567A24091E5112E80042DCD4 /* Sources */ = {
			isa = PBXSourcesBuildPhase;
			buildActionMask = 2147483647;
			files = (
				567A243C1E5114600042DCD4 /* IntroViewController.swift in Sources */,
				567A244C1E51162E0042DCD4 /* CourseRoadViewController.swift in Sources */,
				567A24561E51189F0042DCD4 /* ClassMO.swift in Sources */,
				567A243A1E5114330042DCD4 /* Globals.swift in Sources */,
				567A24401E5114CF0042DCD4 /* CurriculumViewController.swift in Sources */,
				567A24441E5114F40042DCD4 /* AddCurriculaViewController.swift in Sources */,
				567A243E1E5114B60042DCD4 /* SchemePickerViewController.swift in Sources */,
				567A24421E5114E20042DCD4 /* CurriculumDetailViewController.swift in Sources */,
				567A24131E5112E80042DCD4 /* ViewController.swift in Sources */,
				567A24111E5112E80042DCD4 /* AppDelegate.swift in Sources */,
				567A24581E5118C50042DCD4 /* DataController.swift in Sources */,
				567A24541E5116CC0042DCD4 /* CourseButton.swift in Sources */,
				567A244E1E51165D0042DCD4 /* SettingsViewController.swift in Sources */,
				567A24461E5115620042DCD4 /* CourseRoadPageViewController.swift in Sources */,
				567A245A1E5118CF0042DCD4 /* Curriculum.swift in Sources */,
				567A24501E5116A70042DCD4 /* ClassButton.swift in Sources */,
				567A24191E5112E80042DCD4 /* courseroad.xcdatamodeld in Sources */,
				567A24481E5115700042DCD4 /* YearViewController.swift in Sources */,
				567A24521E5116BE0042DCD4 /* SchemeButton.swift in Sources */,
				567A244A1E5115910042DCD4 /* AddClassesViewController.swift in Sources */,
			);
			runOnlyForDeploymentPostprocessing = 0;
		};
		567A24201E5112E80042DCD4 /* Sources */ = {
			isa = PBXSourcesBuildPhase;
			buildActionMask = 2147483647;
			files = (
				567A24291E5112E80042DCD4 /* courseroadTests.swift in Sources */,
			);
			runOnlyForDeploymentPostprocessing = 0;
		};
/* End PBXSourcesBuildPhase section */

/* Begin PBXTargetDependency section */
		567A24261E5112E80042DCD4 /* PBXTargetDependency */ = {
			isa = PBXTargetDependency;
			target = 567A240C1E5112E80042DCD4 /* courseroad */;
			targetProxy = 567A24251E5112E80042DCD4 /* PBXContainerItemProxy */;
		};
/* End PBXTargetDependency section */

/* Begin PBXVariantGroup section */
		567A24141E5112E80042DCD4 /* Main.storyboard */ = {
			isa = PBXVariantGroup;
			children = (
				567A24151E5112E80042DCD4 /* Base */,
			);
			name = Main.storyboard;
			sourceTree = "<group>";
		};
		567A241C1E5112E80042DCD4 /* LaunchScreen.storyboard */ = {
			isa = PBXVariantGroup;
			children = (
				567A241D1E5112E80042DCD4 /* Base */,
			);
			name = LaunchScreen.storyboard;
			sourceTree = "<group>";
		};
/* End PBXVariantGroup section */

/* Begin XCBuildConfiguration section */
		567A242B1E5112E80042DCD4 /* Debug */ = {
			isa = XCBuildConfiguration;
			buildSettings = {
				ALWAYS_SEARCH_USER_PATHS = NO;
				CLANG_ANALYZER_NONNULL = YES;
				CLANG_CXX_LANGUAGE_STANDARD = "gnu++0x";
				CLANG_CXX_LIBRARY = "libc++";
				CLANG_ENABLE_MODULES = YES;
				CLANG_ENABLE_OBJC_ARC = YES;
				CLANG_WARN_BOOL_CONVERSION = YES;
				CLANG_WARN_CONSTANT_CONVERSION = YES;
				CLANG_WARN_DIRECT_OBJC_ISA_USAGE = YES_ERROR;
				CLANG_WARN_DOCUMENTATION_COMMENTS = YES;
				CLANG_WARN_EMPTY_BODY = YES;
				CLANG_WARN_ENUM_CONVERSION = YES;
				CLANG_WARN_INFINITE_RECURSION = YES;
				CLANG_WARN_INT_CONVERSION = YES;
				CLANG_WARN_OBJC_ROOT_CLASS = YES_ERROR;
				CLANG_WARN_SUSPICIOUS_MOVE = YES;
				CLANG_WARN_UNREACHABLE_CODE = YES;
				CLANG_WARN__DUPLICATE_METHOD_MATCH = YES;
				"CODE_SIGN_IDENTITY[sdk=iphoneos*]" = "iPhone Developer";
				COPY_PHASE_STRIP = NO;
				DEBUG_INFORMATION_FORMAT = dwarf;
				ENABLE_STRICT_OBJC_MSGSEND = YES;
				ENABLE_TESTABILITY = YES;
				GCC_C_LANGUAGE_STANDARD = gnu99;
				GCC_DYNAMIC_NO_PIC = NO;
				GCC_NO_COMMON_BLOCKS = YES;
				GCC_OPTIMIZATION_LEVEL = 0;
				GCC_PREPROCESSOR_DEFINITIONS = (
					"DEBUG=1",
					"$(inherited)",
				);
				GCC_WARN_64_TO_32_BIT_CONVERSION = YES;
				GCC_WARN_ABOUT_RETURN_TYPE = YES_ERROR;
				GCC_WARN_UNDECLARED_SELECTOR = YES;
				GCC_WARN_UNINITIALIZED_AUTOS = YES_AGGRESSIVE;
				GCC_WARN_UNUSED_FUNCTION = YES;
				GCC_WARN_UNUSED_VARIABLE = YES;
				IPHONEOS_DEPLOYMENT_TARGET = 10.2;
				MTL_ENABLE_DEBUG_INFO = YES;
				ONLY_ACTIVE_ARCH = YES;
				SDKROOT = iphoneos;
				SWIFT_ACTIVE_COMPILATION_CONDITIONS = DEBUG;
				SWIFT_OPTIMIZATION_LEVEL = "-Onone";
			};
			name = Debug;
		};
		567A242C1E5112E80042DCD4 /* Release */ = {
			isa = XCBuildConfiguration;
			buildSettings = {
				ALWAYS_SEARCH_USER_PATHS = NO;
				CLANG_ANALYZER_NONNULL = YES;
				CLANG_CXX_LANGUAGE_STANDARD = "gnu++0x";
				CLANG_CXX_LIBRARY = "libc++";
				CLANG_ENABLE_MODULES = YES;
				CLANG_ENABLE_OBJC_ARC = YES;
				CLANG_WARN_BOOL_CONVERSION = YES;
				CLANG_WARN_CONSTANT_CONVERSION = YES;
				CLANG_WARN_DIRECT_OBJC_ISA_USAGE = YES_ERROR;
				CLANG_WARN_DOCUMENTATION_COMMENTS = YES;
				CLANG_WARN_EMPTY_BODY = YES;
				CLANG_WARN_ENUM_CONVERSION = YES;
				CLANG_WARN_INFINITE_RECURSION = YES;
				CLANG_WARN_INT_CONVERSION = YES;
				CLANG_WARN_OBJC_ROOT_CLASS = YES_ERROR;
				CLANG_WARN_SUSPICIOUS_MOVE = YES;
				CLANG_WARN_UNREACHABLE_CODE = YES;
				CLANG_WARN__DUPLICATE_METHOD_MATCH = YES;
				"CODE_SIGN_IDENTITY[sdk=iphoneos*]" = "iPhone Developer";
				COPY_PHASE_STRIP = NO;
				DEBUG_INFORMATION_FORMAT = "dwarf-with-dsym";
				ENABLE_NS_ASSERTIONS = NO;
				ENABLE_STRICT_OBJC_MSGSEND = YES;
				GCC_C_LANGUAGE_STANDARD = gnu99;
				GCC_NO_COMMON_BLOCKS = YES;
				GCC_WARN_64_TO_32_BIT_CONVERSION = YES;
				GCC_WARN_ABOUT_RETURN_TYPE = YES_ERROR;
				GCC_WARN_UNDECLARED_SELECTOR = YES;
				GCC_WARN_UNINITIALIZED_AUTOS = YES_AGGRESSIVE;
				GCC_WARN_UNUSED_FUNCTION = YES;
				GCC_WARN_UNUSED_VARIABLE = YES;
				IPHONEOS_DEPLOYMENT_TARGET = 10.2;
				MTL_ENABLE_DEBUG_INFO = NO;
				SDKROOT = iphoneos;
				SWIFT_OPTIMIZATION_LEVEL = "-Owholemodule";
				VALIDATE_PRODUCT = YES;
			};
			name = Release;
		};
		567A242E1E5112E80042DCD4 /* Debug */ = {
			isa = XCBuildConfiguration;
			baseConfigurationReference = 2E8922D6B298D58C101CA634 /* Pods-courseroad.debug.xcconfig */;
			buildSettings = {
				ASSETCATALOG_COMPILER_APPICON_NAME = AppIcon;
				DEVELOPMENT_TEAM = V8Z84YJUGT;
				INFOPLIST_FILE = courseroad/Info.plist;
				LD_RUNPATH_SEARCH_PATHS = "$(inherited) @executable_path/Frameworks";
				PRODUCT_BUNDLE_IDENTIFIER = com.example.courseroad;
				PRODUCT_NAME = "$(TARGET_NAME)";
				SWIFT_VERSION = 3.0;
			};
			name = Debug;
		};
		567A242F1E5112E80042DCD4 /* Release */ = {
			isa = XCBuildConfiguration;
			baseConfigurationReference = 4638A0E4333186723497B4FD /* Pods-courseroad.release.xcconfig */;
			buildSettings = {
				ASSETCATALOG_COMPILER_APPICON_NAME = AppIcon;
				DEVELOPMENT_TEAM = V8Z84YJUGT;
				INFOPLIST_FILE = courseroad/Info.plist;
				LD_RUNPATH_SEARCH_PATHS = "$(inherited) @executable_path/Frameworks";
				PRODUCT_BUNDLE_IDENTIFIER = com.example.courseroad;
				PRODUCT_NAME = "$(TARGET_NAME)";
				SWIFT_VERSION = 3.0;
			};
			name = Release;
		};
		567A24311E5112E80042DCD4 /* Debug */ = {
			isa = XCBuildConfiguration;
			baseConfigurationReference = 00B33063F6EAA6523BC9909D /* Pods-courseroadTests.debug.xcconfig */;
			buildSettings = {
				ALWAYS_EMBED_SWIFT_STANDARD_LIBRARIES = YES;
				BUNDLE_LOADER = "$(TEST_HOST)";
				DEVELOPMENT_TEAM = SN5BFX4SD3;
				INFOPLIST_FILE = courseroadTests/Info.plist;
				LD_RUNPATH_SEARCH_PATHS = "$(inherited) @executable_path/Frameworks @loader_path/Frameworks";
				PRODUCT_BUNDLE_IDENTIFIER = com.example.courseroadTests;
				PRODUCT_NAME = "$(TARGET_NAME)";
				SWIFT_VERSION = 3.0;
				TEST_HOST = "$(BUILT_PRODUCTS_DIR)/courseroad.app/courseroad";
			};
			name = Debug;
		};
		567A24321E5112E80042DCD4 /* Release */ = {
			isa = XCBuildConfiguration;
			baseConfigurationReference = C6DB73ADED61CFAD0489675F /* Pods-courseroadTests.release.xcconfig */;
			buildSettings = {
				ALWAYS_EMBED_SWIFT_STANDARD_LIBRARIES = YES;
				BUNDLE_LOADER = "$(TEST_HOST)";
				DEVELOPMENT_TEAM = SN5BFX4SD3;
				INFOPLIST_FILE = courseroadTests/Info.plist;
				LD_RUNPATH_SEARCH_PATHS = "$(inherited) @executable_path/Frameworks @loader_path/Frameworks";
				PRODUCT_BUNDLE_IDENTIFIER = com.example.courseroadTests;
				PRODUCT_NAME = "$(TARGET_NAME)";
				SWIFT_VERSION = 3.0;
				TEST_HOST = "$(BUILT_PRODUCTS_DIR)/courseroad.app/courseroad";
			};
			name = Release;
		};
/* End XCBuildConfiguration section */

/* Begin XCConfigurationList section */
		567A24081E5112E80042DCD4 /* Build configuration list for PBXProject "courseroad" */ = {
			isa = XCConfigurationList;
			buildConfigurations = (
				567A242B1E5112E80042DCD4 /* Debug */,
				567A242C1E5112E80042DCD4 /* Release */,
			);
			defaultConfigurationIsVisible = 0;
			defaultConfigurationName = Release;
		};
		567A242D1E5112E80042DCD4 /* Build configuration list for PBXNativeTarget "courseroad" */ = {
			isa = XCConfigurationList;
			buildConfigurations = (
				567A242E1E5112E80042DCD4 /* Debug */,
				567A242F1E5112E80042DCD4 /* Release */,
			);
			defaultConfigurationIsVisible = 0;
		};
		567A24301E5112E80042DCD4 /* Build configuration list for PBXNativeTarget "courseroadTests" */ = {
			isa = XCConfigurationList;
			buildConfigurations = (
				567A24311E5112E80042DCD4 /* Debug */,
				567A24321E5112E80042DCD4 /* Release */,
			);
			defaultConfigurationIsVisible = 0;
		};
/* End XCConfigurationList section */

/* Begin XCVersionGroup section */
		567A24171E5112E80042DCD4 /* courseroad.xcdatamodeld */ = {
			isa = XCVersionGroup;
			children = (
				567A24181E5112E80042DCD4 /* courseroad.xcdatamodel */,
			);
			currentVersion = 567A24181E5112E80042DCD4 /* courseroad.xcdatamodel */;
			path = courseroad.xcdatamodeld;
			sourceTree = "<group>";
			versionGroupType = wrapper.xcdatamodel;
		};
/* End XCVersionGroup section */
	};
	rootObject = 567A24051E5112E80042DCD4 /* Project object */;
}
